
Microsoft Visual Studio Solution File, Format Version 12.00
# Visual Studio Version 17
VisualStudioVersion = 17.12.35527.113
MinimumVisualStudioVersion = 10.0.40219.1
Project("{FAE04EC0-301F-11D3-BF4B-00C04F79EFBC}") = "ExtendedSerialPort", "..\ExtendedSerialPort .NET6\ExtendedSerialPort .NET6\ExtendedSerialPort\ExtendedSerialPort\ExtendedSerialPort.csproj", "{DFD826FA-A8A7-49D6-8547-4AB81C4DBFCB}"
EndProject
Project("{FAE04EC0-301F-11D3-BF4B-00C04F79EFBC}") = "WpfAsservissementDisplay", "..\WpfAsservissementDisplay\WpfAsservissementDisplay\WpfAsservissementDisplay.csproj", "{A25F0421-53A2-4F92-A051-08F78A598284}"
EndProject
Project("{FAE04EC0-301F-11D3-BF4B-00C04F79EFBC}") = "WpfInterfaceRobot", "..\WpfInterfaceRobot\WpfInterfaceRobot.csproj", "{C8BB7C20-3E1D-4C64-ACF3-A412FB34583C}"
EndProject
Global
	GlobalSection(SolutionConfigurationPlatforms) = preSolution
		Debug|Any CPU = Debug|Any CPU
		Release|Any CPU = Release|Any CPU
	EndGlobalSection
	GlobalSection(ProjectConfigurationPlatforms) = postSolution
		{DFD826FA-A8A7-49D6-8547-4AB81C4DBFCB}.Debug|Any CPU.ActiveCfg = Debug|Any CPU
		{DFD826FA-A8A7-49D6-8547-4AB81C4DBFCB}.Debug|Any CPU.Build.0 = Debug|Any CPU
		{DFD826FA-A8A7-49D6-8547-4AB81C4DBFCB}.Release|Any CPU.ActiveCfg = Release|Any CPU
		{DFD826FA-A8A7-49D6-8547-4AB81C4DBFCB}.Release|Any CPU.Build.0 = Release|Any CPU
		{A25F0421-53A2-4F92-A051-08F78A598284}.Debug|Any CPU.ActiveCfg = Debug|Any CPU
		{A25F0421-53A2-4F92-A051-08F78A598284}.Debug|Any CPU.Build.0 = Debug|Any CPU
		{A25F0421-53A2-4F92-A051-08F78A598284}.Release|Any CPU.ActiveCfg = Release|Any CPU
		{A25F0421-53A2-4F92-A051-08F78A598284}.Release|Any CPU.Build.0 = Release|Any CPU
		{C8BB7C20-3E1D-4C64-ACF3-A412FB34583C}.Debug|Any CPU.ActiveCfg = Debug|Any CPU
		{C8BB7C20-3E1D-4C64-ACF3-A412FB34583C}.Debug|Any CPU.Build.0 = Debug|Any CPU
		{C8BB7C20-3E1D-4C64-ACF3-A412FB34583C}.Release|Any CPU.ActiveCfg = Release|Any CPU
		{C8BB7C20-3E1D-4C64-ACF3-A412FB34583C}.Release|Any CPU.Build.0 = Release|Any CPU
	EndGlobalSection
	GlobalSection(SolutionProperties) = preSolution
		HideSolutionNode = FALSE
	EndGlobalSection
EndGlobal
